
Microsoft Visual Studio Solution File, Format Version 12.00
Project("{FAE04EC0-301F-11D3-BF4B-00C04F79EFBC}") = "FormationBetting", "FormationBetting\FormationBetting.csproj", "{E91D9946-90BF-41B0-9FD0-38C3E260B24B}"
EndProject
Project("{2150E333-8FDC-42A3-9474-1A3956D46DE8}") = "ImportExport", "ImportExport", "{9F57EEE4-D73A-4A46-A452-74E9E90E2AB7}"
EndProject
Project("{2150E333-8FDC-42A3-9474-1A3956D46DE8}") = "Promotions", "Promotions", "{C2C47ACA-2DF7-45D2-9F65-CF8DF78D45CF}"
EndProject
Project("{FAE04EC0-301F-11D3-BF4B-00C04F79EFBC}") = "Promotions.Blazor", "Promotions\Promotions.Blazor\Promotions.Blazor.csproj", "{7B4C2655-33A5-493A-A1C4-69D973EC47CC}"
EndProject
Project("{FAE04EC0-301F-11D3-BF4B-00C04F79EFBC}") = "Promotions.Domain", "Promotions\Promotions.Domain\Promotions.Domain.csproj", "{C281D1E9-AD87-4C3E-A9EE-619EF1BD6E38}"
EndProject
Project("{FAE04EC0-301F-11D3-BF4B-00C04F79EFBC}") = "ImportExport.Blazor", "ImportExport\ImportExport.Blazor\ImportExport.Blazor.csproj", "{038D6AF9-D68A-4E7B-BD2E-D5ECB7250DC3}"
EndProject
Project("{FAE04EC0-301F-11D3-BF4B-00C04F79EFBC}") = "ImportExport.Domain", "ImportExport\ImportExport.Domain\ImportExport.Domain.csproj", "{4634549C-7661-4E52-9599-357DA478E619}"
EndProject
Global
	GlobalSection(SolutionConfigurationPlatforms) = preSolution
		Debug|Any CPU = Debug|Any CPU
		Release|Any CPU = Release|Any CPU
	EndGlobalSection
	GlobalSection(ProjectConfigurationPlatforms) = postSolution
		{E91D9946-90BF-41B0-9FD0-38C3E260B24B}.Debug|Any CPU.ActiveCfg = Debug|Any CPU
		{E91D9946-90BF-41B0-9FD0-38C3E260B24B}.Debug|Any CPU.Build.0 = Debug|Any CPU
		{E91D9946-90BF-41B0-9FD0-38C3E260B24B}.Release|Any CPU.ActiveCfg = Release|Any CPU
		{E91D9946-90BF-41B0-9FD0-38C3E260B24B}.Release|Any CPU.Build.0 = Release|Any CPU
		{7B4C2655-33A5-493A-A1C4-69D973EC47CC}.Debug|Any CPU.ActiveCfg = Debug|Any CPU
		{7B4C2655-33A5-493A-A1C4-69D973EC47CC}.Debug|Any CPU.Build.0 = Debug|Any CPU
		{7B4C2655-33A5-493A-A1C4-69D973EC47CC}.Release|Any CPU.ActiveCfg = Release|Any CPU
		{7B4C2655-33A5-493A-A1C4-69D973EC47CC}.Release|Any CPU.Build.0 = Release|Any CPU
		{C281D1E9-AD87-4C3E-A9EE-619EF1BD6E38}.Debug|Any CPU.ActiveCfg = Debug|Any CPU
		{C281D1E9-AD87-4C3E-A9EE-619EF1BD6E38}.Debug|Any CPU.Build.0 = Debug|Any CPU
		{C281D1E9-AD87-4C3E-A9EE-619EF1BD6E38}.Release|Any CPU.ActiveCfg = Release|Any CPU
		{C281D1E9-AD87-4C3E-A9EE-619EF1BD6E38}.Release|Any CPU.Build.0 = Release|Any CPU
		{038D6AF9-D68A-4E7B-BD2E-D5ECB7250DC3}.Debug|Any CPU.ActiveCfg = Debug|Any CPU
		{038D6AF9-D68A-4E7B-BD2E-D5ECB7250DC3}.Debug|Any CPU.Build.0 = Debug|Any CPU
		{038D6AF9-D68A-4E7B-BD2E-D5ECB7250DC3}.Release|Any CPU.ActiveCfg = Release|Any CPU
		{038D6AF9-D68A-4E7B-BD2E-D5ECB7250DC3}.Release|Any CPU.Build.0 = Release|Any CPU
		{4634549C-7661-4E52-9599-357DA478E619}.Debug|Any CPU.ActiveCfg = Debug|Any CPU
		{4634549C-7661-4E52-9599-357DA478E619}.Debug|Any CPU.Build.0 = Debug|Any CPU
		{4634549C-7661-4E52-9599-357DA478E619}.Release|Any CPU.ActiveCfg = Release|Any CPU
		{4634549C-7661-4E52-9599-357DA478E619}.Release|Any CPU.Build.0 = Release|Any CPU
	EndGlobalSection
	GlobalSection(NestedProjects) = preSolution
		{7B4C2655-33A5-493A-A1C4-69D973EC47CC} = {C2C47ACA-2DF7-45D2-9F65-CF8DF78D45CF}
		{C281D1E9-AD87-4C3E-A9EE-619EF1BD6E38} = {C2C47ACA-2DF7-45D2-9F65-CF8DF78D45CF}
		{038D6AF9-D68A-4E7B-BD2E-D5ECB7250DC3} = {9F57EEE4-D73A-4A46-A452-74E9E90E2AB7}
		{4634549C-7661-4E52-9599-357DA478E619} = {9F57EEE4-D73A-4A46-A452-74E9E90E2AB7}
	EndGlobalSection
EndGlobal
